
Microsoft Visual Studio Solution File, Format Version 12.00
# Visual Studio Version 16
VisualStudioVersion = 16.0.30517.126
MinimumVisualStudioVersion = 10.0.40219.1
Project("{FAE04EC0-301F-11D3-BF4B-00C04F79EFBC}") = "LAMN-Software", "LAMN-Software\LAMN-Software.csproj", "{866023EF-9DB4-4367-9E45-3B0B375A5185}"
EndProject
Global
	GlobalSection(SolutionConfigurationPlatforms) = preSolution
		Debug|Any CPU = Debug|Any CPU
		Release|Any CPU = Release|Any CPU
	EndGlobalSection
	GlobalSection(ProjectConfigurationPlatforms) = postSolution
		{866023EF-9DB4-4367-9E45-3B0B375A5185}.Debug|Any CPU.ActiveCfg = Debug|Any CPU
		{866023EF-9DB4-4367-9E45-3B0B375A5185}.Debug|Any CPU.Build.0 = Debug|Any CPU
		{866023EF-9DB4-4367-9E45-3B0B375A5185}.Release|Any CPU.ActiveCfg = Release|Any CPU
		{866023EF-9DB4-4367-9E45-3B0B375A5185}.Release|Any CPU.Build.0 = Release|Any CPU
	EndGlobalSection
	GlobalSection(SolutionProperties) = preSolution
		HideSolutionNode = FALSE
	EndGlobalSection
	GlobalSection(ExtensibilityGlobals) = postSolution
		SolutionGuid = {C47C1DF2-79B6-414F-8039-3216970E1225}
	EndGlobalSection
EndGlobal
